
Microsoft Visual Studio Solution File, Format Version 12.00
# Visual Studio Version 16
VisualStudioVersion = 16.0.29519.87
MinimumVisualStudioVersion = 10.0.40219.1
Project("{FAE04EC0-301F-11D3-BF4B-00C04F79EFBC}") = "Detecting", "Detecting\Detecting.csproj", "{378D04B2-9120-46A6-A253-B8D3E3F6C7DE}"
EndProject
Global
	GlobalSection(SolutionConfigurationPlatforms) = preSolution
		Debug|Any CPU = Debug|Any CPU
		Release|Any CPU = Release|Any CPU
	EndGlobalSection
	GlobalSection(ProjectConfigurationPlatforms) = postSolution
		{378D04B2-9120-46A6-A253-B8D3E3F6C7DE}.Debug|Any CPU.ActiveCfg = Debug|Any CPU
		{378D04B2-9120-46A6-A253-B8D3E3F6C7DE}.Debug|Any CPU.Build.0 = Debug|Any CPU
		{378D04B2-9120-46A6-A253-B8D3E3F6C7DE}.Release|Any CPU.ActiveCfg = Release|Any CPU
		{378D04B2-9120-46A6-A253-B8D3E3F6C7DE}.Release|Any CPU.Build.0 = Release|Any CPU
	EndGlobalSection
	GlobalSection(SolutionProperties) = preSolution
		HideSolutionNode = FALSE
	EndGlobalSection
	GlobalSection(ExtensibilityGlobals) = postSolution
		SolutionGuid = {9E60B370-C16B-4238-89F4-C2475649B264}
	EndGlobalSection
EndGlobal
